Microsoft Visual Studio Solution File, Format Version 12.00
# Visual Studio Version 17
VisualStudioVersion = 17.5.2.0
MinimumVisualStudioVersion = 10.0.40219.1
Project("{FAE04EC0-301F-11D3-BF4B-00C04F79EFBC}") = "C# projects", "C# projects.csproj", "{D84E37DF-3546-9B96-956C-C0B51E6EB1BD}"
EndProject
Global
	GlobalSection(SolutionConfigurationPlatforms) = preSolution
		Debug|Any CPU = Debug|Any CPU
		Release|Any CPU = Release|Any CPU
	EndGlobalSection
	GlobalSection(ProjectConfigurationPlatforms) = postSolution
		{D84E37DF-3546-9B96-956C-C0B51E6EB1BD}.Debug|Any CPU.ActiveCfg = Debug|Any CPU
		{D84E37DF-3546-9B96-956C-C0B51E6EB1BD}.Debug|Any CPU.Build.0 = Debug|Any CPU
		{D84E37DF-3546-9B96-956C-C0B51E6EB1BD}.Release|Any CPU.ActiveCfg = Release|Any CPU
		{D84E37DF-3546-9B96-956C-C0B51E6EB1BD}.Release|Any CPU.Build.0 = Release|Any CPU
	EndGlobalSection
	GlobalSection(SolutionProperties) = preSolution
		HideSolutionNode = FALSE
	EndGlobalSection
	GlobalSection(ExtensibilityGlobals) = postSolution
		SolutionGuid = {C07FB418-DFFA-40D2-88A6-DA6083FA5C06}
	EndGlobalSection
EndGlobal
